// !$*UTF8*$!
{
	archiveVersion = 1;
	classes = {
	};
	objectVersion = 50;
	objects = {

/* Begin PBXBuildFile section */
		B97F2562241F1BB200D06F48 /* BrainTests.swift in Sources */ = {isa = PBXBuildFile; fileRef = B97F2561241F1BB200D06F48 /* BrainTests.swift */; };
		B97F2564241F218800D06F48 /* Brain.swift in Sources */ = {isa = PBXBuildFile; fileRef = B97F2563241F218800D06F48 /* Brain.swift */; };
		B97F2566241F24FB00D06F48 /* UITests.swift in Sources */ = {isa = PBXBuildFile; fileRef = B97F2565241F24FB00D06F48 /* UITests.swift */; };
		B990E8A4241C217900A5E6C0 /* AppDelegate.swift in Sources */ = {isa = PBXBuildFile; fileRef = B990E8A3241C217900A5E6C0 /* AppDelegate.swift */; };
		B990E8A6241C217900A5E6C0 /* SceneDelegate.swift in Sources */ = {isa = PBXBuildFile; fileRef = B990E8A5241C217900A5E6C0 /* SceneDelegate.swift */; };
		B990E8A8241C217900A5E6C0 /* ContentView.swift in Sources */ = {isa = PBXBuildFile; fileRef = B990E8A7241C217900A5E6C0 /* ContentView.swift */; };
		B990E8AA241C217C00A5E6C0 /* Assets.xcassets in Resources */ = {isa = PBXBuildFile; fileRef = B990E8A9241C217C00A5E6C0 /* Assets.xcassets */; };
		B990E8AD241C217C00A5E6C0 /* Preview Assets.xcassets in Resources */ = {isa = PBXBuildFile; fileRef = B990E8AC241C217C00A5E6C0 /* Preview Assets.xcassets */; };
		B990E8B0241C217C00A5E6C0 /* LaunchScreen.storyboard in Resources */ = {isa = PBXBuildFile; fileRef = B990E8AE241C217C00A5E6C0 /* LaunchScreen.storyboard */; };
/* End PBXBuildFile section */

/* Begin PBXContainerItemProxy section */
		B990E8B7241C217D00A5E6C0 /* PBXContainerItemProxy */ = {
			isa = PBXContainerItemProxy;
			containerPortal = B990E898241C217900A5E6C0 /* Project object */;
			proxyType = 1;
			remoteGlobalIDString = B990E89F241C217900A5E6C0;
			remoteInfo = FizzBuzz;
		};
		B990E8C2241C217D00A5E6C0 /* PBXContainerItemProxy */ = {
			isa = PBXContainerItemProxy;
			containerPortal = B990E898241C217900A5E6C0 /* Project object */;
			proxyType = 1;
			remoteGlobalIDString = B990E89F241C217900A5E6C0;
			remoteInfo = FizzBuzz;
		};
/* End PBXContainerItemProxy section */

/* Begin PBXFileReference section */
		B97F2561241F1BB200D06F48 /* BrainTests.swift */ = {isa = PBXFileReference; lastKnownFileType = sourcecode.swift; name = BrainTests.swift; path = FizzBuzzTests/BrainTests.swift; sourceTree = SOURCE_ROOT; };
		B97F2563241F218800D06F48 /* Brain.swift */ = {isa = PBXFileReference; lastKnownFileType = sourcecode.swift; path = Brain.swift; sourceTree = "<group>"; };
		B97F2565241F24FB00D06F48 /* UITests.swift */ = {isa = PBXFileReference; lastKnownFileType = sourcecode.swift; path = UITests.swift; sourceTree = "<group>"; };
		B990E8A0241C217900A5E6C0 /* FizzBuzz.app */ = {isa = PBXFileReference; explicitFileType = wrapper.application; includeInIndex = 0; path = FizzBuzz.app; sourceTree = BUILT_PRODUCTS_DIR; };
		B990E8A3241C217900A5E6C0 /* AppDelegate.swift */ = {isa = PBXFileReference; lastKnownFileType = sourcecode.swift; path = AppDelegate.swift; sourceTree = "<group>"; };
		B990E8A5241C217900A5E6C0 /* SceneDelegate.swift */ = {isa = PBXFileReference; lastKnownFileType = sourcecode.swift; path = SceneDelegate.swift; sourceTree = "<group>"; };
		B990E8A7241C217900A5E6C0 /* ContentView.swift */ = {isa = PBXFileReference; lastKnownFileType = sourcecode.swift; path = ContentView.swift; sourceTree = "<group>"; };
		B990E8A9241C217C00A5E6C0 /* Assets.xcassets */ = {isa = PBXFileReference; lastKnownFileType = folder.assetcatalog; path = Assets.xcassets; sourceTree = "<group>"; };
		B990E8AC241C217C00A5E6C0 /* Preview Assets.xcassets */ = {isa = PBXFileReference; lastKnownFileType = folder.assetcatalog; path = "Preview Assets.xcassets"; sourceTree = "<group>"; };
		B990E8AF241C217C00A5E6C0 /* Base */ = {isa = PBXFileReference; lastKnownFileType = file.storyboard; name = Base; path = Base.lproj/LaunchScreen.storyboard; sourceTree = "<group>"; };
		B990E8B1241C217C00A5E6C0 /* Info.plist */ = {isa = PBXFileReference; lastKnownFileType = text.plist.xml; path = Info.plist; sourceTree = "<group>"; };
		B990E8B6241C217D00A5E6C0 /* FizzBuzzTests.xctest */ = {isa = PBXFileReference; explicitFileType = wrapper.cfbundle; includeInIndex = 0; path = FizzBuzzTests.xctest; sourceTree = BUILT_PRODUCTS_DIR; };
		B990E8BC241C217D00A5E6C0 /* Info.plist */ = {isa = PBXFileReference; lastKnownFileType = text.plist.xml; path = Info.plist; sourceTree = "<group>"; };
		B990E8C1241C217D00A5E6C0 /* FizzBuzzUITests.xctest */ = {isa = PBXFileReference; explicitFileType = wrapper.cfbundle; includeInIndex = 0; path = FizzBuzzUITests.xctest; sourceTree = BUILT_PRODUCTS_DIR; };
		B990E8C7241C217D00A5E6C0 /* Info.plist */ = {isa = PBXFileReference; lastKnownFileType = text.plist.xml; path = Info.plist; sourceTree = "<group>"; };
/* End PBXFileReference section */

/* Begin PBXFrameworksBuildPhase section */
		B990E89D241C217900A5E6C0 /* Frameworks */ = {
			isa = PBXFrameworksBuildPhase;
			buildActionMask = 2147483647;
			files = (
			);
			runOnlyForDeploymentPostprocessing = 0;
		};
		B990E8B3241C217D00A5E6C0 /* Frameworks */ = {
			isa = PBXFrameworksBuildPhase;
			buildActionMask = 2147483647;
			files = (
			);
			runOnlyForDeploymentPostprocessing = 0;
		};
		B990E8BE241C217D00A5E6C0 /* Frameworks */ = {
			isa = PBXFrameworksBuildPhase;
			buildActionMask = 2147483647;
			files = (
			);
			runOnlyForDeploymentPostprocessing = 0;
		};
/* End PBXFrameworksBuildPhase section */

/* Begin PBXGroup section */
		B990E897241C217900A5E6C0 = {
			isa = PBXGroup;
			children = (
				B990E8A2241C217900A5E6C0 /* FizzBuzz */,
				B990E8B9241C217D00A5E6C0 /* FizzBuzzTests */,
				B990E8C4241C217D00A5E6C0 /* FizzBuzzUITests */,
				B990E8A1241C217900A5E6C0 /* Products */,
			);
			sourceTree = "<group>";
		};
		B990E8A1241C217900A5E6C0 /* Products */ = {
			isa = PBXGroup;
			children = (
				B990E8A0241C217900A5E6C0 /* FizzBuzz.app */,
				B990E8B6241C217D00A5E6C0 /* FizzBuzzTests.xctest */,
				B990E8C1241C217D00A5E6C0 /* FizzBuzzUITests.xctest */,
			);
			name = Products;
			sourceTree = "<group>";
		};
		B990E8A2241C217900A5E6C0 /* FizzBuzz */ = {
			isa = PBXGroup;
			children = (
				B97F2563241F218800D06F48 /* Brain.swift */,
				B990E8A3241C217900A5E6C0 /* AppDelegate.swift */,
				B990E8A5241C217900A5E6C0 /* SceneDelegate.swift */,
				B990E8A7241C217900A5E6C0 /* ContentView.swift */,
				B990E8A9241C217C00A5E6C0 /* Assets.xcassets */,
				B990E8AE241C217C00A5E6C0 /* LaunchScreen.storyboard */,
				B990E8B1241C217C00A5E6C0 /* Info.plist */,
				B990E8AB241C217C00A5E6C0 /* Preview Content */,
			);
			path = FizzBuzz;
			sourceTree = "<group>";
		};
		B990E8AB241C217C00A5E6C0 /* Preview Content */ = {
			isa = PBXGroup;
			children = (
				B990E8AC241C217C00A5E6C0 /* Preview Assets.xcassets */,
			);
			path = "Preview Content";
			sourceTree = "<group>";
		};
		B990E8B9241C217D00A5E6C0 /* FizzBuzzTests */ = {
			isa = PBXGroup;
			children = (
				B97F2561241F1BB200D06F48 /* BrainTests.swift */,
				B990E8BC241C217D00A5E6C0 /* Info.plist */,
			);
			path = FizzBuzzTests;
			sourceTree = "<group>";
		};
		B990E8C4241C217D00A5E6C0 /* FizzBuzzUITests */ = {
			isa = PBXGroup;
			children = (
				B990E8C7241C217D00A5E6C0 /* Info.plist */,
				B97F2565241F24FB00D06F48 /* UITests.swift */,
			);
			path = FizzBuzzUITests;
			sourceTree = "<group>";
		};
/* End PBXGroup section */

/* Begin PBXNativeTarget section */
		B990E89F241C217900A5E6C0 /* FizzBuzz */ = {
			isa = PBXNativeTarget;
			buildConfigurationList = B990E8CA241C217D00A5E6C0 /* Build configuration list for PBXNativeTarget "FizzBuzz" */;
			buildPhases = (
				B990E89C241C217900A5E6C0 /* Sources */,
				B990E89D241C217900A5E6C0 /* Frameworks */,
				B990E89E241C217900A5E6C0 /* Resources */,
			);
			buildRules = (
			);
			dependencies = (
			);
			name = FizzBuzz;
			productName = FizzBuzz;
			productReference = B990E8A0241C217900A5E6C0 /* FizzBuzz.app */;
			productType = "com.apple.product-type.application";
		};
		B990E8B5241C217D00A5E6C0 /* FizzBuzzTests */ = {
			isa = PBXNativeTarget;
			buildConfigurationList = B990E8CD241C217D00A5E6C0 /* Build configuration list for PBXNativeTarget "FizzBuzzTests" */;
			buildPhases = (
				B990E8B2241C217D00A5E6C0 /* Sources */,
				B990E8B3241C217D00A5E6C0 /* Frameworks */,
				B990E8B4241C217D00A5E6C0 /* Resources */,
			);
			buildRules = (
			);
			dependencies = (
				B990E8B8241C217D00A5E6C0 /* PBXTargetDependency */,
			);
			name = FizzBuzzTests;
			productName = FizzBuzzTests;
			productReference = B990E8B6241C217D00A5E6C0 /* FizzBuzzTests.xctest */;
			productType = "com.apple.product-type.bundle.unit-test";
		};
		B990E8C0241C217D00A5E6C0 /* FizzBuzzUITests */ = {
			isa = PBXNativeTarget;
			buildConfigurationList = B990E8D0241C217D00A5E6C0 /* Build configuration list for PBXNativeTarget "FizzBuzzUITests" */;
			buildPhases = (
				B990E8BD241C217D00A5E6C0 /* Sources */,
				B990E8BE241C217D00A5E6C0 /* Frameworks */,
				B990E8BF241C217D00A5E6C0 /* Resources */,
			);
			buildRules = (
			);
			dependencies = (
				B990E8C3241C217D00A5E6C0 /* PBXTargetDependency */,
			);
			name = FizzBuzzUITests;
			productName = FizzBuzzUITests;
			productReference = B990E8C1241C217D00A5E6C0 /* FizzBuzzUITests.xctest */;
			productType = "com.apple.product-type.bundle.ui-testing";
		};
/* End PBXNativeTarget section */

/* Begin PBXProject section */
		B990E898241C217900A5E6C0 /* Project object */ = {
			isa = PBXProject;
			attributes = {
				LastSwiftUpdateCheck = 1130;
				LastUpgradeCheck = 1130;
				ORGANIZATIONNAME = "Tylor Schafer";
				TargetAttributes = {
					B990E89F241C217900A5E6C0 = {
						CreatedOnToolsVersion = 11.3;
					};
					B990E8B5241C217D00A5E6C0 = {
						CreatedOnToolsVersion = 11.3;
						TestTargetID = B990E89F241C217900A5E6C0;
					};
					B990E8C0241C217D00A5E6C0 = {
						CreatedOnToolsVersion = 11.3;
						LastSwiftMigration = 1130;
						TestTargetID = B990E89F241C217900A5E6C0;
					};
				};
			};
			buildConfigurationList = B990E89B241C217900A5E6C0 /* Build configuration list for PBXProject "FizzBuzz" */;
			compatibilityVersion = "Xcode 9.3";
			developmentRegion = en;
			hasScannedForEncodings = 0;
			knownRegions = (
				en,
				Base,
			);
			mainGroup = B990E897241C217900A5E6C0;
			productRefGroup = B990E8A1241C217900A5E6C0 /* Products */;
			projectDirPath = "";
			projectRoot = "";
			targets = (
				B990E89F241C217900A5E6C0 /* FizzBuzz */,
				B990E8B5241C217D00A5E6C0 /* FizzBuzzTests */,
				B990E8C0241C217D00A5E6C0 /* FizzBuzzUITests */,
			);
		};
/* End PBXProject section */

/* Begin PBXResourcesBuildPhase section */
		B990E89E241C217900A5E6C0 /* Resources */ = {
			isa = PBXResourcesBuildPhase;
			buildActionMask = 2147483647;
			files = (
				B990E8B0241C217C00A5E6C0 /* LaunchScreen.storyboard in Resources */,
				B990E8AD241C217C00A5E6C0 /* Preview Assets.xcassets in Resources */,
				B990E8AA241C217C00A5E6C0 /* Assets.xcassets in Resources */,
			);
			runOnlyForDeploymentPostprocessing = 0;
		};
		B990E8B4241C217D00A5E6C0 /* Resources */ = {
			isa = PBXResourcesBuildPhase;
			buildActionMask = 2147483647;
			files = (
			);
			runOnlyForDeploymentPostprocessing = 0;
		};
		B990E8BF241C217D00A5E6C0 /* Resources */ = {
			isa = PBXResourcesBuildPhase;
			buildActionMask = 2147483647;
			files = (
			);
			runOnlyForDeploymentPostprocessing = 0;
		};
/* End PBXResourcesBuildPhase section */

/* Begin PBXSourcesBuildPhase section */
		B990E89C241C217900A5E6C0 /* Sources */ = {
			isa = PBXSourcesBuildPhase;
			buildActionMask = 2147483647;
			files = (
				B990E8A4241C217900A5E6C0 /* AppDelegate.swift in Sources */,
				B990E8A6241C217900A5E6C0 /* SceneDelegate.swift in Sources */,
				B97F2564241F218800D06F48 /* Brain.swift in Sources */,
				B990E8A8241C217900A5E6C0 /* ContentView.swift in Sources */,
			);
			runOnlyForDeploymentPostprocessing = 0;
		};
		B990E8B2241C217D00A5E6C0 /* Sources */ = {
			isa = PBXSourcesBuildPhase;
			buildActionMask = 2147483647;
			files = (
				B97F2562241F1BB200D06F48 /* BrainTests.swift in Sources */,
			);
			runOnlyForDeploymentPostprocessing = 0;
		};
		B990E8BD241C217D00A5E6C0 /* Sources */ = {
			isa = PBXSourcesBuildPhase;
			buildActionMask = 2147483647;
			files = (
				B97F2566241F24FB00D06F48 /* UITests.swift in Sources */,
			);
			runOnlyForDeploymentPostprocessing = 0;
		};
/* End PBXSourcesBuildPhase section */

/* Begin PBXTargetDependency section */
		B990E8B8241C217D00A5E6C0 /* PBXTargetDependency */ = {
			isa = PBXTargetDependency;
			target = B990E89F241C217900A5E6C0 /* FizzBuzz */;
			targetProxy = B990E8B7241C217D00A5E6C0 /* PBXContainerItemProxy */;
		};
		B990E8C3241C217D00A5E6C0 /* PBXTargetDependency */ = {
			isa = PBXTargetDependency;
			target = B990E89F241C217900A5E6C0 /* FizzBuzz */;
			targetProxy = B990E8C2241C217D00A5E6C0 /* PBXContainerItemProxy */;
		};
/* End PBXTargetDependency section */

/* Begin PBXVariantGroup section */
		B990E8AE241C217C00A5E6C0 /* LaunchScreen.storyboard */ = {
			isa = PBXVariantGroup;
			children = (
				B990E8AF241C217C00A5E6C0 /* Base */,
			);
			name = LaunchScreen.storyboard;
			sourceTree = "<group>";
		};
/* End PBXVariantGroup section */

/* Begin XCBuildConfiguration section */
		B990E8C8241C217D00A5E6C0 /* Debug */ = {
			isa = XCBuildConfiguration;
			buildSettings = {
				ALWAYS_SEARCH_USER_PATHS = NO;
				CLANG_ANALYZER_NONNULL = YES;
				CLANG_ANALYZER_NUMBER_OBJECT_CONVERSION = YES_AGGRESSIVE;
				CLANG_CXX_LANGUAGE_STANDARD = "gnu++14";
				CLANG_CXX_LIBRARY = "libc++";
				CLANG_ENABLE_MODULES = YES;
				CLANG_ENABLE_OBJC_ARC = YES;
				CLANG_ENABLE_OBJC_WEAK = YES;
				CLANG_WARN_BLOCK_CAPTURE_AUTORELEASING = YES;
				CLANG_WARN_BOOL_CONVERSION = YES;
				CLANG_WARN_COMMA = YES;
				CLANG_WARN_CONSTANT_CONVERSION = YES;
				CLANG_WARN_DEPRECATED_OBJC_IMPLEMENTATIONS = YES;
				CLANG_WARN_DIRECT_OBJC_ISA_USAGE = YES_ERROR;
				CLANG_WARN_DOCUMENTATION_COMMENTS = YES;
				CLANG_WARN_EMPTY_BODY = YES;
				CLANG_WARN_ENUM_CONVERSION = YES;
				CLANG_WARN_INFINITE_RECURSION = YES;
				CLANG_WARN_INT_CONVERSION = YES;
				CLANG_WARN_NON_LITERAL_NULL_CONVERSION = YES;
				CLANG_WARN_OBJC_IMPLICIT_RETAIN_SELF = YES;
				CLANG_WARN_OBJC_LITERAL_CONVERSION = YES;
				CLANG_WARN_OBJC_ROOT_CLASS = YES_ERROR;
				CLANG_WARN_RANGE_LOOP_ANALYSIS = YES;
				CLANG_WARN_STRICT_PROTOTYPES = YES;
				CLANG_WARN_SUSPICIOUS_MOVE = YES;
				CLANG_WARN_UNGUARDED_AVAILABILITY = YES_AGGRESSIVE;
				CLANG_WARN_UNREACHABLE_CODE = YES;
				CLANG_WARN__DUPLICATE_METHOD_MATCH = YES;
				COPY_PHASE_STRIP = NO;
				DEBUG_INFORMATION_FORMAT = dwarf;
				ENABLE_STRICT_OBJC_MSGSEND = YES;
				ENABLE_TESTABILITY = YES;
				GCC_C_LANGUAGE_STANDARD = gnu11;
				GCC_DYNAMIC_NO_PIC = NO;
				GCC_NO_COMMON_BLOCKS = YES;
				GCC_OPTIMIZATION_LEVEL = 0;
				GCC_PREPROCESSOR_DEFINITIONS = (
					"DEBUG=1",
					"$(inherited)",
				);
				GCC_WARN_64_TO_32_BIT_CONVERSION = YES;
				GCC_WARN_ABOUT_RETURN_TYPE = YES_ERROR;
				GCC_WARN_UNDECLARED_SELECTOR = YES;
				GCC_WARN_UNINITIALIZED_AUTOS = YES_AGGRESSIVE;
				GCC_WARN_UNUSED_FUNCTION = YES;
				GCC_WARN_UNUSED_VARIABLE = YES;
				IPHONEOS_DEPLOYMENT_TARGET = 13.2;
				MTL_ENABLE_DEBUG_INFO = INCLUDE_SOURCE;
				MTL_FAST_MATH = YES;
				ONLY_ACTIVE_ARCH = YES;
				SDKROOT = iphoneos;
				SWIFT_ACTIVE_COMPILATION_CONDITIONS = DEBUG;
				SWIFT_OPTIMIZATION_LEVEL = "-Onone";
			};
			name = Debug;
		};
		B990E8C9241C217D00A5E6C0 /* Release */ = {
			isa = XCBuildConfiguration;
			buildSettings = {
				ALWAYS_SEARCH_USER_PATHS = NO;
				CLANG_ANALYZER_NONNULL = YES;
				CLANG_ANALYZER_NUMBER_OBJECT_CONVERSION = YES_AGGRESSIVE;
				CLANG_CXX_LANGUAGE_STANDARD = "gnu++14";
				CLANG_CXX_LIBRARY = "libc++";
				CLANG_ENABLE_MODULES = YES;
				CLANG_ENABLE_OBJC_ARC = YES;
				CLANG_ENABLE_OBJC_WEAK = YES;
				CLANG_WARN_BLOCK_CAPTURE_AUTORELEASING = YES;
				CLANG_WARN_BOOL_CONVERSION = YES;
				CLANG_WARN_COMMA = YES;
				CLANG_WARN_CONSTANT_CONVERSION = YES;
				CLANG_WARN_DEPRECATED_OBJC_IMPLEMENTATIONS = YES;
				CLANG_WARN_DIRECT_OBJC_ISA_USAGE = YES_ERROR;
				CLANG_WARN_DOCUMENTATION_COMMENTS = YES;
				CLANG_WARN_EMPTY_BODY = YES;
				CLANG_WARN_ENUM_CONVERSION = YES;
				CLANG_WARN_INFINITE_RECURSION = YES;
				CLANG_WARN_INT_CONVERSION = YES;
				CLANG_WARN_NON_LITERAL_NULL_CONVERSION = YES;
				CLANG_WARN_OBJC_IMPLICIT_RETAIN_SELF = YES;
				CLANG_WARN_OBJC_LITERAL_CONVERSION = YES;
				CLANG_WARN_OBJC_ROOT_CLASS = YES_ERROR;
				CLANG_WARN_RANGE_LOOP_ANALYSIS = YES;
				CLANG_WARN_STRICT_PROTOTYPES = YES;
				CLANG_WARN_SUSPICIOUS_MOVE = YES;
				CLANG_WARN_UNGUARDED_AVAILABILITY = YES_AGGRESSIVE;
				CLANG_WARN_UNREACHABLE_CODE = YES;
				CLANG_WARN__DUPLICATE_METHOD_MATCH = YES;
				COPY_PHASE_STRIP = NO;
				DEBUG_INFORMATION_FORMAT = "dwarf-with-dsym";
				ENABLE_NS_ASSERTIONS = NO;
				ENABLE_STRICT_OBJC_MSGSEND = YES;
				GCC_C_LANGUAGE_STANDARD = gnu11;
				GCC_NO_COMMON_BLOCKS = YES;
				GCC_WARN_64_TO_32_BIT_CONVERSION = YES;
				GCC_WARN_ABOUT_RETURN_TYPE = YES_ERROR;
				GCC_WARN_UNDECLARED_SELECTOR = YES;
				GCC_WARN_UNINITIALIZED_AUTOS = YES_AGGRESSIVE;
				GCC_WARN_UNUSED_FUNCTION = YES;
				GCC_WARN_UNUSED_VARIABLE = YES;
				IPHONEOS_DEPLOYMENT_TARGET = 13.2;
				MTL_ENABLE_DEBUG_INFO = NO;
				MTL_FAST_MATH = YES;
				SDKROOT = iphoneos;
				SWIFT_COMPILATION_MODE = wholemodule;
				SWIFT_OPTIMIZATION_LEVEL = "-O";
				VALIDATE_PRODUCT = YES;
			};
			name = Release;
		};
		B990E8CB241C217D00A5E6C0 /* Debug */ = {
			isa = XCBuildConfiguration;
			buildSettings = {
				ASSETCATALOG_COMPILER_APPICON_NAME = AppIcon;
				CODE_SIGN_STYLE = Automatic;
				DEVELOPMENT_ASSET_PATHS = "\"FizzBuzz/Preview Content\"";
				ENABLE_PREVIEWS = YES;
				INFOPLIST_FILE = FizzBuzz/Info.plist;
				LD_RUNPATH_SEARCH_PATHS = (
					"$(inherited)",
					"@executable_path/Frameworks",
				);
				PRODUCT_BUNDLE_IDENTIFIER = com..FizzBuzz;
				PRODUCT_NAME = "$(TARGET_NAME)";
				SWIFT_VERSION = 5.0;
				TARGETED_DEVICE_FAMILY = "1,2";
			};
			name = Debug;
		};
		B990E8CC241C217D00A5E6C0 /* Release */ = {
			isa = XCBuildConfiguration;
			buildSettings = {
				ASSETCATALOG_COMPILER_APPICON_NAME = AppIcon;
				CODE_SIGN_STYLE = Automatic;
				DEVELOPMENT_ASSET_PATHS = "\"FizzBuzz/Preview Content\"";
				ENABLE_PREVIEWS = YES;
				INFOPLIST_FILE = FizzBuzz/Info.plist;
				LD_RUNPATH_SEARCH_PATHS = (
					"$(inherited)",
					"@executable_path/Frameworks",
				);
				PRODUCT_BUNDLE_IDENTIFIER = com..FizzBuzz;
				PRODUCT_NAME = "$(TARGET_NAME)";
				SWIFT_VERSION = 5.0;
				TARGETED_DEVICE_FAMILY = "1,2";
			};
			name = Release;
		};
		B990E8CE241C217D00A5E6C0 /* Debug */ = {
			isa = XCBuildConfiguration;
			buildSettings = {
				ALWAYS_EMBED_SWIFT_STANDARD_LIBRARIES = YES;
				BUNDLE_LOADER = "$(TEST_HOST)";
				CODE_SIGN_STYLE = Automatic;
				INFOPLIST_FILE = FizzBuzzTests/Info.plist;
				IPHONEOS_DEPLOYMENT_TARGET = 13.2;
				LD_RUNPATH_SEARCH_PATHS = (
					"$(inherited)",
					"@executable_path/Frameworks",
					"@loader_path/Frameworks",
				);
				PRODUCT_BUNDLE_IDENTIFIER = com..FizzBuzzTests;
				PRODUCT_NAME = "$(TARGET_NAME)";
				SWIFT_VERSION = 5.0;
				TARGETED_DEVICE_FAMILY = "1,2";
				TEST_HOST = "$(BUILT_PRODUCTS_DIR)/FizzBuzz.app/FizzBuzz";
			};
			name = Debug;
		};
		B990E8CF241C217D00A5E6C0 /* Release */ = {
			isa = XCBuildConfiguration;
			buildSettings = {
				ALWAYS_EMBED_SWIFT_STANDARD_LIBRARIES = YES;
				BUNDLE_LOADER = "$(TEST_HOST)";
				CODE_SIGN_STYLE = Automatic;
				INFOPLIST_FILE = FizzBuzzTests/Info.plist;
				IPHONEOS_DEPLOYMENT_TARGET = 13.2;
				LD_RUNPATH_SEARCH_PATHS = (
					"$(inherited)",
					"@executable_path/Frameworks",
					"@loader_path/Frameworks",
				);
				PRODUCT_BUNDLE_IDENTIFIER = com..FizzBuzzTests;
				PRODUCT_NAME = "$(TARGET_NAME)";
				SWIFT_VERSION = 5.0;
				TARGETED_DEVICE_FAMILY = "1,2";
				TEST_HOST = "$(BUILT_PRODUCTS_DIR)/FizzBuzz.app/FizzBuzz";
			};
			name = Release;
		};
		B990E8D1241C217D00A5E6C0 /* Debug */ = {
			isa = XCBuildConfiguration;
			buildSettings = {
				ALWAYS_EMBED_SWIFT_STANDARD_LIBRARIES = YES;
				CLANG_ENABLE_MODULES = YES;
				CODE_SIGN_STYLE = Automatic;
				INFOPLIST_FILE = FizzBuzzUITests/Info.plist;
				LD_RUNPATH_SEARCH_PATHS = (
					"$(inherited)",
					"@executable_path/Frameworks",
					"@loader_path/Frameworks",
				);
				PRODUCT_BUNDLE_IDENTIFIER = com..FizzBuzzUITests;
				PRODUCT_NAME = "$(TARGET_NAME)";
				SWIFT_OPTIMIZATION_LEVEL = "-Onone";
				SWIFT_VERSION = 5.0;
				TARGETED_DEVICE_FAMILY = "1,2";
				TEST_TARGET_NAME = FizzBuzz;
			};
			name = Debug;
		};
		B990E8D2241C217D00A5E6C0 /* Release */ = {
			isa = XCBuildConfiguration;
			buildSettings = {
				ALWAYS_EMBED_SWIFT_STANDARD_LIBRARIES = YES;
				CLANG_ENABLE_MODULES = YES;
				CODE_SIGN_STYLE = Automatic;
				INFOPLIST_FILE = FizzBuzzUITests/Info.plist;
				LD_RUNPATH_SEARCH_PATHS = (
					"$(inherited)",
					"@executable_path/Frameworks",
					"@loader_path/Frameworks",
				);
				PRODUCT_BUNDLE_IDENTIFIER = com..FizzBuzzUITests;
				PRODUCT_NAME = "$(TARGET_NAME)";
				SWIFT_VERSION = 5.0;
				TARGETED_DEVICE_FAMILY = "1,2";
				TEST_TARGET_NAME = FizzBuzz;
			};
			name = Release;
		};
/* End XCBuildConfiguration section */

/* Begin XCConfigurationList section */
		B990E89B241C217900A5E6C0 /* Build configuration list for PBXProject "FizzBuzz" */ = {
			isa = XCConfigurationList;
			buildConfigurations = (
				B990E8C8241C217D00A5E6C0 /* Debug */,
				B990E8C9241C217D00A5E6C0 /* Release */,
			);
			defaultConfigurationIsVisible = 0;
			defaultConfigurationName = Release;
		};
		B990E8CA241C217D00A5E6C0 /* Build configuration list for PBXNativeTarget "FizzBuzz" */ = {
			isa = XCConfigurationList;
			buildConfigurations = (
				B990E8CB241C217D00A5E6C0 /* Debug */,
				B990E8CC241C217D00A5E6C0 /* Release */,
			);
			defaultConfigurationIsVisible = 0;
			defaultConfigurationName = Release;
		};
		B990E8CD241C217D00A5E6C0 /* Build configuration list for PBXNativeTarget "FizzBuzzTests" */ = {
			isa = XCConfigurationList;
			buildConfigurations = (
				B990E8CE241C217D00A5E6C0 /* Debug */,
				B990E8CF241C217D00A5E6C0 /* Release */,
			);
			defaultConfigurationIsVisible = 0;
			defaultConfigurationName = Release;
		};
		B990E8D0241C217D00A5E6C0 /* Build configuration list for PBXNativeTarget "FizzBuzzUITests" */ = {
			isa = XCConfigurationList;
			buildConfigurations = (
				B990E8D1241C217D00A5E6C0 /* Debug */,
				B990E8D2241C217D00A5E6C0 /* Release */,
			);
			defaultConfigurationIsVisible = 0;
			defaultConfigurationName = Release;
		};
/* End XCConfigurationList section */
	};
	rootObject = B990E898241C217900A5E6C0 /* Project object */;
}
